# This file is autogenerated, do not edit; changes may be undone by the next 'dep ensure'.


[[projects]]
  branch = "master"
  name = "github.com/bitrise-io/go-utils"
  packages = [
    "colorstring",
    "command",
    "errorutil",
    "fileutil",
    "log",
    "pathutil"
  ]
  revision = "b33f6bcef9b50045d7e62364b354584afc3ee329"

[solve-meta]
  analyzer-name = "dep"
  analyzer-version = 1
  inputs-digest = "359d05564990cb4c21e9a0a821f1a9dab4efe61b2d4f92f26129c4a94557d15b"
  solver-name = "gps-cdcl"
  solver-version = 1
